
Microsoft Visual Studio Solution File, Format Version 12.00
# Visual Studio Version 16
VisualStudioVersion = 16.0.28803.916
MinimumVisualStudioVersion = 10.0.40219.1
Project("{FAE04EC0-301F-11D3-BF4B-00C04F79EFBC}") = "OnTapKiemTraXSLT_Thu_Vien", "OnTapKiemTraXSLT_Thu_Vien\OnTapKiemTraXSLT_Thu_Vien.csproj", "{C0AF007E-DB4A-4210-B3CB-9739B47AD684}"
EndProject
Global
	GlobalSection(SolutionConfigurationPlatforms) = preSolution
		Debug|Any CPU = Debug|Any CPU
		Release|Any CPU = Release|Any CPU
	EndGlobalSection
	GlobalSection(ProjectConfigurationPlatforms) = postSolution
		{C0AF007E-DB4A-4210-B3CB-9739B47AD684}.Debug|Any CPU.ActiveCfg = Debug|Any CPU
		{C0AF007E-DB4A-4210-B3CB-9739B47AD684}.Debug|Any CPU.Build.0 = Debug|Any CPU
		{C0AF007E-DB4A-4210-B3CB-9739B47AD684}.Release|Any CPU.ActiveCfg = Release|Any CPU
		{C0AF007E-DB4A-4210-B3CB-9739B47AD684}.Release|Any CPU.Build.0 = Release|Any CPU
	EndGlobalSection
	GlobalSection(SolutionProperties) = preSolution
		HideSolutionNode = FALSE
	EndGlobalSection
	GlobalSection(ExtensibilityGlobals) = postSolution
		SolutionGuid = {5E8AD43D-34C3-42C3-821B-27AFC2581EFD}
	EndGlobalSection
EndGlobal
