
Microsoft Visual Studio Solution File, Format Version 12.00
# Visual Studio Version 16
VisualStudioVersion = 16.0.31402.337
MinimumVisualStudioVersion = 10.0.40219.1
Project("{9A19103F-16F7-4668-BE54-9A1E7A4F7556}") = "WinFormsApp1", "WinFormsApp1\WinFormsApp1.csproj", "{492ECB13-4EAD-4C8D-9DA7-2FDEEF31C49C}"
EndProject
Project("{FAE04EC0-301F-11D3-BF4B-00C04F79EFBC}") = "bai10", "bai10\bai10.csproj", "{F5980F6D-4806-4858-A570-105B317D73B9}"
EndProject
Global
	GlobalSection(SolutionConfigurationPlatforms) = preSolution
		Debug|Any CPU = Debug|Any CPU
		Release|Any CPU = Release|Any CPU
	EndGlobalSection
	GlobalSection(ProjectConfigurationPlatforms) = postSolution
		{492ECB13-4EAD-4C8D-9DA7-2FDEEF31C49C}.Debug|Any CPU.ActiveCfg = Debug|Any CPU
		{492ECB13-4EAD-4C8D-9DA7-2FDEEF31C49C}.Debug|Any CPU.Build.0 = Debug|Any CPU
		{492ECB13-4EAD-4C8D-9DA7-2FDEEF31C49C}.Release|Any CPU.ActiveCfg = Release|Any CPU
		{492ECB13-4EAD-4C8D-9DA7-2FDEEF31C49C}.Release|Any CPU.Build.0 = Release|Any CPU
		{F5980F6D-4806-4858-A570-105B317D73B9}.Debug|Any CPU.ActiveCfg = Debug|Any CPU
		{F5980F6D-4806-4858-A570-105B317D73B9}.Debug|Any CPU.Build.0 = Debug|Any CPU
		{F5980F6D-4806-4858-A570-105B317D73B9}.Release|Any CPU.ActiveCfg = Release|Any CPU
		{F5980F6D-4806-4858-A570-105B317D73B9}.Release|Any CPU.Build.0 = Release|Any CPU
	EndGlobalSection
	GlobalSection(SolutionProperties) = preSolution
		HideSolutionNode = FALSE
	EndGlobalSection
	GlobalSection(ExtensibilityGlobals) = postSolution
		SolutionGuid = {8EE4F784-370F-43C2-95FE-34E432A859AF}
	EndGlobalSection
EndGlobal
