
Microsoft Visual Studio Solution File, Format Version 12.00
# Visual Studio Version 16
VisualStudioVersion = 16.0.28803.916
MinimumVisualStudioVersion = 10.0.40219.1
Project("{FAE04EC0-301F-11D3-BF4B-00C04F79EFBC}") = "OnTap2Cilent", "OnTap2Cilent\OnTap2Cilent.csproj", "{2DC3E3A2-E230-454B-9A8F-B1B7AE141E98}"
EndProject
Global
	GlobalSection(SolutionConfigurationPlatforms) = preSolution
		Debug|Any CPU = Debug|Any CPU
		Release|Any CPU = Release|Any CPU
	EndGlobalSection
	GlobalSection(ProjectConfigurationPlatforms) = postSolution
		{2DC3E3A2-E230-454B-9A8F-B1B7AE141E98}.Debug|Any CPU.ActiveCfg = Debug|Any CPU
		{2DC3E3A2-E230-454B-9A8F-B1B7AE141E98}.Debug|Any CPU.Build.0 = Debug|Any CPU
		{2DC3E3A2-E230-454B-9A8F-B1B7AE141E98}.Release|Any CPU.ActiveCfg = Release|Any CPU
		{2DC3E3A2-E230-454B-9A8F-B1B7AE141E98}.Release|Any CPU.Build.0 = Release|Any CPU
	EndGlobalSection
	GlobalSection(SolutionProperties) = preSolution
		HideSolutionNode = FALSE
	EndGlobalSection
	GlobalSection(ExtensibilityGlobals) = postSolution
		SolutionGuid = {3D817756-C405-46D6-B2C6-78AF7E15FFF4}
	EndGlobalSection
EndGlobal
