
Microsoft Visual Studio Solution File, Format Version 12.00
# Visual Studio Version 16
VisualStudioVersion = 16.0.28803.916
MinimumVisualStudioVersion = 10.0.40219.1
Project("{FAE04EC0-301F-11D3-BF4B-00C04F79EFBC}") = "OnTapXSL1", "OnTapXSL1\OnTapXSL1.csproj", "{73F88103-1675-459C-B5A3-680D0F736016}"
EndProject
Global
	GlobalSection(SolutionConfigurationPlatforms) = preSolution
		Debug|Any CPU = Debug|Any CPU
		Release|Any CPU = Release|Any CPU
	EndGlobalSection
	GlobalSection(ProjectConfigurationPlatforms) = postSolution
		{73F88103-1675-459C-B5A3-680D0F736016}.Debug|Any CPU.ActiveCfg = Debug|Any CPU
		{73F88103-1675-459C-B5A3-680D0F736016}.Debug|Any CPU.Build.0 = Debug|Any CPU
		{73F88103-1675-459C-B5A3-680D0F736016}.Release|Any CPU.ActiveCfg = Release|Any CPU
		{73F88103-1675-459C-B5A3-680D0F736016}.Release|Any CPU.Build.0 = Release|Any CPU
	EndGlobalSection
	GlobalSection(SolutionProperties) = preSolution
		HideSolutionNode = FALSE
	EndGlobalSection
	GlobalSection(ExtensibilityGlobals) = postSolution
		SolutionGuid = {9214778C-6D32-4592-BB80-A97516B9CE21}
	EndGlobalSection
EndGlobal
